
Microsoft Visual Studio Solution File, Format Version 12.00
# Visual Studio Version 17
VisualStudioVersion = 17.11.35219.272
MinimumVisualStudioVersion = 10.0.40219.1
Project("{FAE04EC0-301F-11D3-BF4B-00C04F79EFBC}") = "Roulette", "Roulette\Roulette.csproj", "{1F3C690E-41C1-490C-9D08-E6D32C0A44C9}"
EndProject
Global
	GlobalSection(SolutionConfigurationPlatforms) = preSolution
		Debug|Any CPU = Debug|Any CPU
		Release|Any CPU = Release|Any CPU
	EndGlobalSection
	GlobalSection(ProjectConfigurationPlatforms) = postSolution
		{1F3C690E-41C1-490C-9D08-E6D32C0A44C9}.Debug|Any CPU.ActiveCfg = Debug|Any CPU
		{1F3C690E-41C1-490C-9D08-E6D32C0A44C9}.Debug|Any CPU.Build.0 = Debug|Any CPU
		{1F3C690E-41C1-490C-9D08-E6D32C0A44C9}.Release|Any CPU.ActiveCfg = Release|Any CPU
		{1F3C690E-41C1-490C-9D08-E6D32C0A44C9}.Release|Any CPU.Build.0 = Release|Any CPU
	EndGlobalSection
	GlobalSection(SolutionProperties) = preSolution
		HideSolutionNode = FALSE
	EndGlobalSection
	GlobalSection(ExtensibilityGlobals) = postSolution
		SolutionGuid = {A0A241EE-4268-44FC-8D73-E1FF7A9042DD}
	EndGlobalSection
EndGlobal
